
Microsoft Visual Studio Solution File, Format Version 12.00
# Visual Studio 15
VisualStudioVersion = 15.0.26823.1
MinimumVisualStudioVersion = 10.0.40219.1
Project("{9A19103F-16F7-4668-BE54-9A1E7A4F7556}") = "Extintores_Universales_PWA", "Extintores_Universales_PWA\Extintores_Universales_PWA.csproj", "{0FC87F45-59FD-48C3-81C6-E0A4D7E8341D}"
EndProject
Project("{E53339B2-1760-4266-BCC7-CA923CBCF16C}") = "docker-compose", "docker-compose.dcproj", "{CC354C6E-7D10-4E7A-9B72-0A4FC9867EF2}"
EndProject
Global
	GlobalSection(SolutionConfigurationPlatforms) = preSolution
		Debug|Any CPU = Debug|Any CPU
		Release|Any CPU = Release|Any CPU
	EndGlobalSection
	GlobalSection(ProjectConfigurationPlatforms) = postSolution
		{0FC87F45-59FD-48C3-81C6-E0A4D7E8341D}.Debug|Any CPU.ActiveCfg = Debug|Any CPU
		{0FC87F45-59FD-48C3-81C6-E0A4D7E8341D}.Debug|Any CPU.Build.0 = Debug|Any CPU
		{0FC87F45-59FD-48C3-81C6-E0A4D7E8341D}.Release|Any CPU.ActiveCfg = Release|Any CPU
		{0FC87F45-59FD-48C3-81C6-E0A4D7E8341D}.Release|Any CPU.Build.0 = Release|Any CPU
		{CC354C6E-7D10-4E7A-9B72-0A4FC9867EF2}.Debug|Any CPU.ActiveCfg = Debug|Any CPU
		{CC354C6E-7D10-4E7A-9B72-0A4FC9867EF2}.Debug|Any CPU.Build.0 = Debug|Any CPU
		{CC354C6E-7D10-4E7A-9B72-0A4FC9867EF2}.Release|Any CPU.ActiveCfg = Release|Any CPU
		{CC354C6E-7D10-4E7A-9B72-0A4FC9867EF2}.Release|Any CPU.Build.0 = Release|Any CPU
	EndGlobalSection
	GlobalSection(SolutionProperties) = preSolution
		HideSolutionNode = FALSE
	EndGlobalSection
	GlobalSection(ExtensibilityGlobals) = postSolution
		SolutionGuid = {80B37BE5-907F-4170-8AB2-17263E753809}
	EndGlobalSection
EndGlobal
